
Microsoft Visual Studio Solution File, Format Version 12.00
# Visual Studio Version 16
VisualStudioVersion = 16.0.29728.190
MinimumVisualStudioVersion = 10.0.40219.1
Project("{FAE04EC0-301F-11D3-BF4B-00C04F79EFBC}") = "HelloWorld", "HelloWorld.csproj", "{E6665846-6719-48AF-A814-D63B7F3CFA7F}"
EndProject
Global
	GlobalSection(SolutionConfigurationPlatforms) = preSolution
		Debug|Any CPU = Debug|Any CPU
		Release|Any CPU = Release|Any CPU
	EndGlobalSection
	GlobalSection(ProjectConfigurationPlatforms) = postSolution
		{E6665846-6719-48AF-A814-D63B7F3CFA7F}.Debug|Any CPU.ActiveCfg = Debug|Any CPU
		{E6665846-6719-48AF-A814-D63B7F3CFA7F}.Debug|Any CPU.Build.0 = Debug|Any CPU
		{E6665846-6719-48AF-A814-D63B7F3CFA7F}.Release|Any CPU.ActiveCfg = Release|Any CPU
		{E6665846-6719-48AF-A814-D63B7F3CFA7F}.Release|Any CPU.Build.0 = Release|Any CPU
	EndGlobalSection
	GlobalSection(SolutionProperties) = preSolution
		HideSolutionNode = FALSE
	EndGlobalSection
	GlobalSection(ExtensibilityGlobals) = postSolution
		SolutionGuid = {4ED7D1F4-5B55-408E-8ED3-4CD455BF6731}
	EndGlobalSection
EndGlobal
